
Microsoft Visual Studio Solution File, Format Version 12.00
# Visual Studio 2015
Project("{FAE04EC0-301F-11D3-BF4B-00C04F79EFBC}") = "Tournament Bracket Maker (dr4g0nbyt3).CSharp", "Tournament Bracket Maker (dr4g0nbyt3).CSharp.csproj", "{84725F30-D503-5739-8836-8E726FFE08F4}"
EndProject
Global
	GlobalSection(SolutionConfigurationPlatforms) = preSolution
		Debug|Any CPU = Debug|Any CPU
		Release|Any CPU = Release|Any CPU
	EndGlobalSection
	GlobalSection(ProjectConfigurationPlatforms) = postSolution
		{84725F30-D503-5739-8836-8E726FFE08F4}.Debug|Any CPU.ActiveCfg = Debug|Any CPU
		{84725F30-D503-5739-8836-8E726FFE08F4}.Debug|Any CPU.Build.0 = Debug|Any CPU
		{84725F30-D503-5739-8836-8E726FFE08F4}.Release|Any CPU.ActiveCfg = Release|Any CPU
		{84725F30-D503-5739-8836-8E726FFE08F4}.Release|Any CPU.Build.0 = Release|Any CPU
	EndGlobalSection
	GlobalSection(SolutionProperties) = preSolution
		HideSolutionNode = FALSE
	EndGlobalSection
EndGlobal
